
Microsoft Visual Studio Solution File, Format Version 12.00
# Visual Studio 2013
VisualStudioVersion = 12.0.21005.1
MinimumVisualStudioVersion = 10.0.40219.1
Project("{FAE04EC0-301F-11D3-BF4B-00C04F79EFBC}") = "Blog.Core", "Blog.Core\Blog.Core.csproj", "{2D3C182F-B9C9-4F98-9F0C-CA91229EBD90}"
EndProject
Project("{FAE04EC0-301F-11D3-BF4B-00C04F79EFBC}") = "Blog.StartUp", "Blog.StartUp\Blog.StartUp.csproj", "{47780837-8964-45F0-AEDD-E44B110D8FEA}"
EndProject
Project("{FAE04EC0-301F-11D3-BF4B-00C04F79EFBC}") = "Blog.Web", "Blog.Web\Blog.Web.csproj", "{BDF50E88-94C8-4B7B-8291-ACB5236BC3C3}"
EndProject
Global
	GlobalSection(SolutionConfigurationPlatforms) = preSolution
		Debug|Any CPU = Debug|Any CPU
		Release|Any CPU = Release|Any CPU
	EndGlobalSection
	GlobalSection(ProjectConfigurationPlatforms) = postSolution
		{2D3C182F-B9C9-4F98-9F0C-CA91229EBD90}.Debug|Any CPU.ActiveCfg = Debug|Any CPU
		{2D3C182F-B9C9-4F98-9F0C-CA91229EBD90}.Debug|Any CPU.Build.0 = Debug|Any CPU
		{2D3C182F-B9C9-4F98-9F0C-CA91229EBD90}.Release|Any CPU.ActiveCfg = Release|Any CPU
		{2D3C182F-B9C9-4F98-9F0C-CA91229EBD90}.Release|Any CPU.Build.0 = Release|Any CPU
		{47780837-8964-45F0-AEDD-E44B110D8FEA}.Debug|Any CPU.ActiveCfg = Debug|Any CPU
		{47780837-8964-45F0-AEDD-E44B110D8FEA}.Debug|Any CPU.Build.0 = Debug|Any CPU
		{47780837-8964-45F0-AEDD-E44B110D8FEA}.Release|Any CPU.ActiveCfg = Release|Any CPU
		{47780837-8964-45F0-AEDD-E44B110D8FEA}.Release|Any CPU.Build.0 = Release|Any CPU
		{BDF50E88-94C8-4B7B-8291-ACB5236BC3C3}.Debug|Any CPU.ActiveCfg = Debug|Any CPU
		{BDF50E88-94C8-4B7B-8291-ACB5236BC3C3}.Debug|Any CPU.Build.0 = Debug|Any CPU
		{BDF50E88-94C8-4B7B-8291-ACB5236BC3C3}.Release|Any CPU.ActiveCfg = Release|Any CPU
		{BDF50E88-94C8-4B7B-8291-ACB5236BC3C3}.Release|Any CPU.Build.0 = Release|Any CPU
	EndGlobalSection
	GlobalSection(SolutionProperties) = preSolution
		HideSolutionNode = FALSE
	EndGlobalSection
EndGlobal
